
Microsoft Visual Studio Solution File, Format Version 12.00
# Visual Studio Version 17
VisualStudioVersion = 17.12.35707.178
MinimumVisualStudioVersion = 10.0.40219.1
Project("{2150E333-8FDC-42A3-9474-1A3956D46DE8}") = "Solution Folder", "Solution Folder", "{CACF25CB-8194-4B26-A05B-970D3ACBCF80}"
	ProjectSection(SolutionItems) = preProject
		.editorconfig = .editorconfig
		.gitignore = .gitignore
		Directory.Build.props = Directory.Build.props
	EndProjectSection
EndProject
Project("{FAE04EC0-301F-11D3-BF4B-00C04F79EFBC}") = "RouteVersioning", "RouteVersioning\RouteVersioning.csproj", "{ADCBF394-C79D-41CE-83DE-30C8B298FDAF}"
EndProject
Project("{FAE04EC0-301F-11D3-BF4B-00C04F79EFBC}") = "RouteVersioning.OpenApi", "RouteVersioning.OpenApi\RouteVersioning.OpenApi.csproj", "{B39A12E4-5A70-4997-BA81-62A0E31488C0}"
EndProject
Project("{FAE04EC0-301F-11D3-BF4B-00C04F79EFBC}") = "Sandbox", "Sandbox\Sandbox.csproj", "{DC25260B-E9B1-483A-BAC2-9D527DF97B29}"
EndProject
Project("{FAE04EC0-301F-11D3-BF4B-00C04F79EFBC}") = "RouteVersioning.Tests", "RouteVersioning.Tests\RouteVersioning.Tests.csproj", "{259AA238-B390-4C8F-B025-C837A50AF5E1}"
EndProject
Project("{FAE04EC0-301F-11D3-BF4B-00C04F79EFBC}") = "RouteVersioning.Tests.Common", "RouteVersioning.Tests.Common\RouteVersioning.Tests.Common.csproj", "{5C680B7B-9029-47B3-BFC0-13BB57A76892}"
EndProject
Project("{FAE04EC0-301F-11D3-BF4B-00C04F79EFBC}") = "RouteVersioning.OpenApi.Tests", "RouteVersioning.OpenApi.Tests\RouteVersioning.OpenApi.Tests.csproj", "{FF85045A-00DE-4677-939A-BC17CF0A9B20}"
EndProject
Global
	GlobalSection(SolutionConfigurationPlatforms) = preSolution
		Debug|Any CPU = Debug|Any CPU
		Release|Any CPU = Release|Any CPU
	EndGlobalSection
	GlobalSection(ProjectConfigurationPlatforms) = postSolution
		{ADCBF394-C79D-41CE-83DE-30C8B298FDAF}.Debug|Any CPU.ActiveCfg = Debug|Any CPU
		{ADCBF394-C79D-41CE-83DE-30C8B298FDAF}.Debug|Any CPU.Build.0 = Debug|Any CPU
		{ADCBF394-C79D-41CE-83DE-30C8B298FDAF}.Release|Any CPU.ActiveCfg = Release|Any CPU
		{ADCBF394-C79D-41CE-83DE-30C8B298FDAF}.Release|Any CPU.Build.0 = Release|Any CPU
		{B39A12E4-5A70-4997-BA81-62A0E31488C0}.Debug|Any CPU.ActiveCfg = Debug|Any CPU
		{B39A12E4-5A70-4997-BA81-62A0E31488C0}.Debug|Any CPU.Build.0 = Debug|Any CPU
		{B39A12E4-5A70-4997-BA81-62A0E31488C0}.Release|Any CPU.ActiveCfg = Release|Any CPU
		{B39A12E4-5A70-4997-BA81-62A0E31488C0}.Release|Any CPU.Build.0 = Release|Any CPU
		{DC25260B-E9B1-483A-BAC2-9D527DF97B29}.Debug|Any CPU.ActiveCfg = Debug|Any CPU
		{DC25260B-E9B1-483A-BAC2-9D527DF97B29}.Debug|Any CPU.Build.0 = Debug|Any CPU
		{DC25260B-E9B1-483A-BAC2-9D527DF97B29}.Release|Any CPU.ActiveCfg = Release|Any CPU
		{DC25260B-E9B1-483A-BAC2-9D527DF97B29}.Release|Any CPU.Build.0 = Release|Any CPU
		{259AA238-B390-4C8F-B025-C837A50AF5E1}.Debug|Any CPU.ActiveCfg = Debug|Any CPU
		{259AA238-B390-4C8F-B025-C837A50AF5E1}.Debug|Any CPU.Build.0 = Debug|Any CPU
		{259AA238-B390-4C8F-B025-C837A50AF5E1}.Release|Any CPU.ActiveCfg = Release|Any CPU
		{259AA238-B390-4C8F-B025-C837A50AF5E1}.Release|Any CPU.Build.0 = Release|Any CPU
		{5C680B7B-9029-47B3-BFC0-13BB57A76892}.Debug|Any CPU.ActiveCfg = Debug|Any CPU
		{5C680B7B-9029-47B3-BFC0-13BB57A76892}.Debug|Any CPU.Build.0 = Debug|Any CPU
		{5C680B7B-9029-47B3-BFC0-13BB57A76892}.Release|Any CPU.ActiveCfg = Release|Any CPU
		{5C680B7B-9029-47B3-BFC0-13BB57A76892}.Release|Any CPU.Build.0 = Release|Any CPU
		{FF85045A-00DE-4677-939A-BC17CF0A9B20}.Debug|Any CPU.ActiveCfg = Debug|Any CPU
		{FF85045A-00DE-4677-939A-BC17CF0A9B20}.Debug|Any CPU.Build.0 = Debug|Any CPU
		{FF85045A-00DE-4677-939A-BC17CF0A9B20}.Release|Any CPU.ActiveCfg = Release|Any CPU
		{FF85045A-00DE-4677-939A-BC17CF0A9B20}.Release|Any CPU.Build.0 = Release|Any CPU
	EndGlobalSection
	GlobalSection(SolutionProperties) = preSolution
		HideSolutionNode = FALSE
	EndGlobalSection
EndGlobal
